
Microsoft Visual Studio Solution File, Format Version 12.00
# Visual Studio Version 17
VisualStudioVersion = 17.11.35312.102
MinimumVisualStudioVersion = 10.0.40219.1
Project("{FAE04EC0-301F-11D3-BF4B-00C04F79EFBC}") = "CoverageKiller2", "src\CoverageKiller2\CoverageKiller2.csproj", "{52FB1F91-5FEC-4EE3-848A-2FC0A775284B}"
EndProject
Project("{FAE04EC0-301F-11D3-BF4B-00C04F79EFBC}") = "CoverageKiller2_Tests", "src\CoverageKiller2_Tests\CoverageKiller2_Tests.csproj", "{D406A038-6E60-4EF8-9C00-E9E6805B1CBA}"
EndProject
Project("{2150E333-8FDC-42A3-9474-1A3956D46DE8}") = "Solution Items", "Solution Items", "{99965D6F-3767-4312-8C00-C74424F7CA21}"
	ProjectSection(SolutionItems) = preProject
		test.runsettings = test.runsettings
	EndProjectSection
EndProject
Global
	GlobalSection(SolutionConfigurationPlatforms) = preSolution
		Debug|Any CPU = Debug|Any CPU
		Release|Any CPU = Release|Any CPU
	EndGlobalSection
	GlobalSection(ProjectConfigurationPlatforms) = postSolution
		{52FB1F91-5FEC-4EE3-848A-2FC0A775284B}.Debug|Any CPU.ActiveCfg = Debug|Any CPU
		{52FB1F91-5FEC-4EE3-848A-2FC0A775284B}.Debug|Any CPU.Build.0 = Debug|Any CPU
		{52FB1F91-5FEC-4EE3-848A-2FC0A775284B}.Release|Any CPU.ActiveCfg = Release|Any CPU
		{52FB1F91-5FEC-4EE3-848A-2FC0A775284B}.Release|Any CPU.Build.0 = Release|Any CPU
		{D406A038-6E60-4EF8-9C00-E9E6805B1CBA}.Debug|Any CPU.ActiveCfg = Debug|Any CPU
		{D406A038-6E60-4EF8-9C00-E9E6805B1CBA}.Debug|Any CPU.Build.0 = Debug|Any CPU
		{D406A038-6E60-4EF8-9C00-E9E6805B1CBA}.Release|Any CPU.ActiveCfg = Release|Any CPU
		{D406A038-6E60-4EF8-9C00-E9E6805B1CBA}.Release|Any CPU.Build.0 = Release|Any CPU
	EndGlobalSection
	GlobalSection(SolutionProperties) = preSolution
		HideSolutionNode = FALSE
	EndGlobalSection
	GlobalSection(ExtensibilityGlobals) = postSolution
		SolutionGuid = {65A28DFB-F8F0-42E6-B4C7-9AB964F4AB74}
	EndGlobalSection
EndGlobal
